
Microsoft Visual Studio Solution File, Format Version 12.00
# Visual Studio Version 17
VisualStudioVersion = 17.0.31903.59
MinimumVisualStudioVersion = 10.0.40219.1
Project("{2150E333-8FDC-42A3-9474-1A3956D46DE8}") = "src", "src", "{1A1B2C3D-1000-4001-8001-000000001000}"
EndProject
Project("{2150E333-8FDC-42A3-9474-1A3956D46DE8}") = "tests", "tests", "{1A1B2C3D-2000-4001-8001-000000002000}"
EndProject
Project("{9A19103F-16F7-4668-BE54-9A1E7A4F7556}") = "KikuCaption.Core", "src\KikuCaption.Core\KikuCaption.Core.csproj", "{1A1B2C3D-0001-4001-8001-000000000001}"
EndProject
Project("{9A19103F-16F7-4668-BE54-9A1E7A4F7556}") = "KikuCaption.Infrastructure", "src\KikuCaption.Infrastructure\KikuCaption.Infrastructure.csproj", "{1A1B2C3D-0002-4001-8001-000000000002}"
EndProject
Project("{9A19103F-16F7-4668-BE54-9A1E7A4F7556}") = "KikuCaption.App", "src\KikuCaption.App\KikuCaption.App.csproj", "{1A1B2C3D-0003-4001-8001-000000000003}"
EndProject
Project("{9A19103F-16F7-4668-BE54-9A1E7A4F7556}") = "KikuCaption.Core.Tests", "tests\KikuCaption.Core.Tests\KikuCaption.Core.Tests.csproj", "{1A1B2C3D-0004-4001-8001-000000000004}"
EndProject
Project("{9A19103F-16F7-4668-BE54-9A1E7A4F7556}") = "KikuCaption.Infrastructure.Tests", "tests\KikuCaption.Infrastructure.Tests\KikuCaption.Infrastructure.Tests.csproj", "{1A1B2C3D-0005-4001-8001-000000000005}"
EndProject
Project("{FAE04EC0-301F-11D3-BF4B-00C04F79EFBC}") = "KikuCaption.Audio", "src\KikuCaption.Audio\KikuCaption.Audio.csproj", "{70C05925-A24C-4271-AB0C-22B606FC78D6}"
EndProject
Project("{FAE04EC0-301F-11D3-BF4B-00C04F79EFBC}") = "KikuCaption.Audio.Tests", "tests\KikuCaption.Audio.Tests\KikuCaption.Audio.Tests.csproj", "{11C95730-3E26-43FB-BA54-838C388A4138}"
EndProject
Project("{FAE04EC0-301F-11D3-BF4B-00C04F79EFBC}") = "KikuCaption.Speech", "src\KikuCaption.Speech\KikuCaption.Speech.csproj", "{577690D3-26A9-410F-8F27-986D250ED7D2}"
EndProject
Project("{FAE04EC0-301F-11D3-BF4B-00C04F79EFBC}") = "KikuCaption.Speech.Tests", "tests\KikuCaption.Speech.Tests\KikuCaption.Speech.Tests.csproj", "{84D18283-3EC5-41EF-A65D-275097DCE7AE}"
EndProject
Project("{FAE04EC0-301F-11D3-BF4B-00C04F79EFBC}") = "KikuCaption.Storage", "src\KikuCaption.Storage\KikuCaption.Storage.csproj", "{EA83B127-91D9-4EA4-A046-576B0E9B5256}"
EndProject
Project("{FAE04EC0-301F-11D3-BF4B-00C04F79EFBC}") = "KikuCaption.Storage.Tests", "tests\KikuCaption.Storage.Tests\KikuCaption.Storage.Tests.csproj", "{E5E3C494-4E54-4ACB-91A8-AE1B9BDC60DD}"
EndProject
Project("{FAE04EC0-301F-11D3-BF4B-00C04F79EFBC}") = "KikuCaption.Recording", "src\KikuCaption.Recording\KikuCaption.Recording.csproj", "{21CF32D1-BA05-4312-A819-2A4C4860C43F}"
EndProject
Project("{FAE04EC0-301F-11D3-BF4B-00C04F79EFBC}") = "KikuCaption.Recording.Tests", "tests\KikuCaption.Recording.Tests\KikuCaption.Recording.Tests.csproj", "{BE61EF05-BEEB-4313-88CF-74780C380627}"
EndProject
Project("{FAE04EC0-301F-11D3-BF4B-00C04F79EFBC}") = "KikuCaption.App.Tests", "tests\KikuCaption.App.Tests\KikuCaption.App.Tests.csproj", "{58536043-E53F-49D4-98D9-DAFCCA94C413}"
EndProject
Project("{FAE04EC0-301F-11D3-BF4B-00C04F79EFBC}") = "KikuCaption.Translation", "src\KikuCaption.Translation\KikuCaption.Translation.csproj", "{2A838805-D75D-4543-BF76-738A1E17EB34}"
EndProject
Project("{FAE04EC0-301F-11D3-BF4B-00C04F79EFBC}") = "KikuCaption.Translation.Tests", "tests\KikuCaption.Translation.Tests\KikuCaption.Translation.Tests.csproj", "{56904B84-6545-48C4-B415-F6D032DE22F3}"
EndProject
Project("{FAE04EC0-301F-11D3-BF4B-00C04F79EFBC}") = "KikuCaption.Summarization", "src\KikuCaption.Summarization\KikuCaption.Summarization.csproj", "{5EB46478-9849-45BC-B7B7-989282714F4A}"
EndProject
Project("{FAE04EC0-301F-11D3-BF4B-00C04F79EFBC}") = "KikuCaption.Summarization.Tests", "tests\KikuCaption.Summarization.Tests\KikuCaption.Summarization.Tests.csproj", "{C946294E-3721-463D-96F9-0E085282DB48}"
EndProject
Global
	GlobalSection(SolutionConfigurationPlatforms) = preSolution
		Debug|Any CPU = Debug|Any CPU
		Debug|x64 = Debug|x64
		Debug|x86 = Debug|x86
		Release|Any CPU = Release|Any CPU
		Release|x64 = Release|x64
		Release|x86 = Release|x86
	EndGlobalSection
	GlobalSection(ProjectConfigurationPlatforms) = postSolution
		{1A1B2C3D-0001-4001-8001-000000000001}.Debug|Any CPU.ActiveCfg = Debug|Any CPU
		{1A1B2C3D-0001-4001-8001-000000000001}.Debug|Any CPU.Build.0 = Debug|Any CPU
		{1A1B2C3D-0001-4001-8001-000000000001}.Debug|x64.ActiveCfg = Debug|Any CPU
		{1A1B2C3D-0001-4001-8001-000000000001}.Debug|x64.Build.0 = Debug|Any CPU
		{1A1B2C3D-0001-4001-8001-000000000001}.Debug|x86.ActiveCfg = Debug|Any CPU
		{1A1B2C3D-0001-4001-8001-000000000001}.Debug|x86.Build.0 = Debug|Any CPU
		{1A1B2C3D-0001-4001-8001-000000000001}.Release|Any CPU.ActiveCfg = Release|Any CPU
		{1A1B2C3D-0001-4001-8001-000000000001}.Release|Any CPU.Build.0 = Release|Any CPU
		{1A1B2C3D-0001-4001-8001-000000000001}.Release|x64.ActiveCfg = Release|Any CPU
		{1A1B2C3D-0001-4001-8001-000000000001}.Release|x64.Build.0 = Release|Any CPU
		{1A1B2C3D-0001-4001-8001-000000000001}.Release|x86.ActiveCfg = Release|Any CPU
		{1A1B2C3D-0001-4001-8001-000000000001}.Release|x86.Build.0 = Release|Any CPU
		{1A1B2C3D-0002-4001-8001-000000000002}.Debug|Any CPU.ActiveCfg = Debug|Any CPU
		{1A1B2C3D-0002-4001-8001-000000000002}.Debug|Any CPU.Build.0 = Debug|Any CPU
		{1A1B2C3D-0002-4001-8001-000000000002}.Debug|x64.ActiveCfg = Debug|Any CPU
		{1A1B2C3D-0002-4001-8001-000000000002}.Debug|x64.Build.0 = Debug|Any CPU
		{1A1B2C3D-0002-4001-8001-000000000002}.Debug|x86.ActiveCfg = Debug|Any CPU
		{1A1B2C3D-0002-4001-8001-000000000002}.Debug|x86.Build.0 = Debug|Any CPU
		{1A1B2C3D-0002-4001-8001-000000000002}.Release|Any CPU.ActiveCfg = Release|Any CPU
		{1A1B2C3D-0002-4001-8001-000000000002}.Release|Any CPU.Build.0 = Release|Any CPU
		{1A1B2C3D-0002-4001-8001-000000000002}.Release|x64.ActiveCfg = Release|Any CPU
		{1A1B2C3D-0002-4001-8001-000000000002}.Release|x64.Build.0 = Release|Any CPU
		{1A1B2C3D-0002-4001-8001-000000000002}.Release|x86.ActiveCfg = Release|Any CPU
		{1A1B2C3D-0002-4001-8001-000000000002}.Release|x86.Build.0 = Release|Any CPU
		{1A1B2C3D-0003-4001-8001-000000000003}.Debug|Any CPU.ActiveCfg = Debug|Any CPU
		{1A1B2C3D-0003-4001-8001-000000000003}.Debug|Any CPU.Build.0 = Debug|Any CPU
		{1A1B2C3D-0003-4001-8001-000000000003}.Debug|x64.ActiveCfg = Debug|Any CPU
		{1A1B2C3D-0003-4001-8001-000000000003}.Debug|x64.Build.0 = Debug|Any CPU
		{1A1B2C3D-0003-4001-8001-000000000003}.Debug|x86.ActiveCfg = Debug|Any CPU
		{1A1B2C3D-0003-4001-8001-000000000003}.Debug|x86.Build.0 = Debug|Any CPU
		{1A1B2C3D-0003-4001-8001-000000000003}.Release|Any CPU.ActiveCfg = Release|Any CPU
		{1A1B2C3D-0003-4001-8001-000000000003}.Release|Any CPU.Build.0 = Release|Any CPU
		{1A1B2C3D-0003-4001-8001-000000000003}.Release|x64.ActiveCfg = Release|Any CPU
		{1A1B2C3D-0003-4001-8001-000000000003}.Release|x64.Build.0 = Release|Any CPU
		{1A1B2C3D-0003-4001-8001-000000000003}.Release|x86.ActiveCfg = Release|Any CPU
		{1A1B2C3D-0003-4001-8001-000000000003}.Release|x86.Build.0 = Release|Any CPU
		{1A1B2C3D-0004-4001-8001-000000000004}.Debug|Any CPU.ActiveCfg = Debug|Any CPU
		{1A1B2C3D-0004-4001-8001-000000000004}.Debug|Any CPU.Build.0 = Debug|Any CPU
		{1A1B2C3D-0004-4001-8001-000000000004}.Debug|x64.ActiveCfg = Debug|Any CPU
		{1A1B2C3D-0004-4001-8001-000000000004}.Debug|x64.Build.0 = Debug|Any CPU
		{1A1B2C3D-0004-4001-8001-000000000004}.Debug|x86.ActiveCfg = Debug|Any CPU
		{1A1B2C3D-0004-4001-8001-000000000004}.Debug|x86.Build.0 = Debug|Any CPU
		{1A1B2C3D-0004-4001-8001-000000000004}.Release|Any CPU.ActiveCfg = Release|Any CPU
		{1A1B2C3D-0004-4001-8001-000000000004}.Release|Any CPU.Build.0 = Release|Any CPU
		{1A1B2C3D-0004-4001-8001-000000000004}.Release|x64.ActiveCfg = Release|Any CPU
		{1A1B2C3D-0004-4001-8001-000000000004}.Release|x64.Build.0 = Release|Any CPU
		{1A1B2C3D-0004-4001-8001-000000000004}.Release|x86.ActiveCfg = Release|Any CPU
		{1A1B2C3D-0004-4001-8001-000000000004}.Release|x86.Build.0 = Release|Any CPU
		{1A1B2C3D-0005-4001-8001-000000000005}.Debug|Any CPU.ActiveCfg = Debug|Any CPU
		{1A1B2C3D-0005-4001-8001-000000000005}.Debug|Any CPU.Build.0 = Debug|Any CPU
		{1A1B2C3D-0005-4001-8001-000000000005}.Debug|x64.ActiveCfg = Debug|Any CPU
		{1A1B2C3D-0005-4001-8001-000000000005}.Debug|x64.Build.0 = Debug|Any CPU
		{1A1B2C3D-0005-4001-8001-000000000005}.Debug|x86.ActiveCfg = Debug|Any CPU
		{1A1B2C3D-0005-4001-8001-000000000005}.Debug|x86.Build.0 = Debug|Any CPU
		{1A1B2C3D-0005-4001-8001-000000000005}.Release|Any CPU.ActiveCfg = Release|Any CPU
		{1A1B2C3D-0005-4001-8001-000000000005}.Release|Any CPU.Build.0 = Release|Any CPU
		{1A1B2C3D-0005-4001-8001-000000000005}.Release|x64.ActiveCfg = Release|Any CPU
		{1A1B2C3D-0005-4001-8001-000000000005}.Release|x64.Build.0 = Release|Any CPU
		{1A1B2C3D-0005-4001-8001-000000000005}.Release|x86.ActiveCfg = Release|Any CPU
		{1A1B2C3D-0005-4001-8001-000000000005}.Release|x86.Build.0 = Release|Any CPU
		{70C05925-A24C-4271-AB0C-22B606FC78D6}.Debug|Any CPU.ActiveCfg = Debug|Any CPU
		{70C05925-A24C-4271-AB0C-22B606FC78D6}.Debug|Any CPU.Build.0 = Debug|Any CPU
		{70C05925-A24C-4271-AB0C-22B606FC78D6}.Debug|x64.ActiveCfg = Debug|Any CPU
		{70C05925-A24C-4271-AB0C-22B606FC78D6}.Debug|x64.Build.0 = Debug|Any CPU
		{70C05925-A24C-4271-AB0C-22B606FC78D6}.Debug|x86.ActiveCfg = Debug|Any CPU
		{70C05925-A24C-4271-AB0C-22B606FC78D6}.Debug|x86.Build.0 = Debug|Any CPU
		{70C05925-A24C-4271-AB0C-22B606FC78D6}.Release|Any CPU.ActiveCfg = Release|Any CPU
		{70C05925-A24C-4271-AB0C-22B606FC78D6}.Release|Any CPU.Build.0 = Release|Any CPU
		{70C05925-A24C-4271-AB0C-22B606FC78D6}.Release|x64.ActiveCfg = Release|Any CPU
		{70C05925-A24C-4271-AB0C-22B606FC78D6}.Release|x64.Build.0 = Release|Any CPU
		{70C05925-A24C-4271-AB0C-22B606FC78D6}.Release|x86.ActiveCfg = Release|Any CPU
		{70C05925-A24C-4271-AB0C-22B606FC78D6}.Release|x86.Build.0 = Release|Any CPU
		{11C95730-3E26-43FB-BA54-838C388A4138}.Debug|Any CPU.ActiveCfg = Debug|Any CPU
		{11C95730-3E26-43FB-BA54-838C388A4138}.Debug|Any CPU.Build.0 = Debug|Any CPU
		{11C95730-3E26-43FB-BA54-838C388A4138}.Debug|x64.ActiveCfg = Debug|Any CPU
		{11C95730-3E26-43FB-BA54-838C388A4138}.Debug|x64.Build.0 = Debug|Any CPU
		{11C95730-3E26-43FB-BA54-838C388A4138}.Debug|x86.ActiveCfg = Debug|Any CPU
		{11C95730-3E26-43FB-BA54-838C388A4138}.Debug|x86.Build.0 = Debug|Any CPU
		{11C95730-3E26-43FB-BA54-838C388A4138}.Release|Any CPU.ActiveCfg = Release|Any CPU
		{11C95730-3E26-43FB-BA54-838C388A4138}.Release|Any CPU.Build.0 = Release|Any CPU
		{11C95730-3E26-43FB-BA54-838C388A4138}.Release|x64.ActiveCfg = Release|Any CPU
		{11C95730-3E26-43FB-BA54-838C388A4138}.Release|x64.Build.0 = Release|Any CPU
		{11C95730-3E26-43FB-BA54-838C388A4138}.Release|x86.ActiveCfg = Release|Any CPU
		{11C95730-3E26-43FB-BA54-838C388A4138}.Release|x86.Build.0 = Release|Any CPU
		{577690D3-26A9-410F-8F27-986D250ED7D2}.Debug|Any CPU.ActiveCfg = Debug|Any CPU
		{577690D3-26A9-410F-8F27-986D250ED7D2}.Debug|Any CPU.Build.0 = Debug|Any CPU
		{577690D3-26A9-410F-8F27-986D250ED7D2}.Debug|x64.ActiveCfg = Debug|Any CPU
		{577690D3-26A9-410F-8F27-986D250ED7D2}.Debug|x64.Build.0 = Debug|Any CPU
		{577690D3-26A9-410F-8F27-986D250ED7D2}.Debug|x86.ActiveCfg = Debug|Any CPU
		{577690D3-26A9-410F-8F27-986D250ED7D2}.Debug|x86.Build.0 = Debug|Any CPU
		{577690D3-26A9-410F-8F27-986D250ED7D2}.Release|Any CPU.ActiveCfg = Release|Any CPU
		{577690D3-26A9-410F-8F27-986D250ED7D2}.Release|Any CPU.Build.0 = Release|Any CPU
		{577690D3-26A9-410F-8F27-986D250ED7D2}.Release|x64.ActiveCfg = Release|Any CPU
		{577690D3-26A9-410F-8F27-986D250ED7D2}.Release|x64.Build.0 = Release|Any CPU
		{577690D3-26A9-410F-8F27-986D250ED7D2}.Release|x86.ActiveCfg = Release|Any CPU
		{577690D3-26A9-410F-8F27-986D250ED7D2}.Release|x86.Build.0 = Release|Any CPU
		{84D18283-3EC5-41EF-A65D-275097DCE7AE}.Debug|Any CPU.ActiveCfg = Debug|Any CPU
		{84D18283-3EC5-41EF-A65D-275097DCE7AE}.Debug|Any CPU.Build.0 = Debug|Any CPU
		{84D18283-3EC5-41EF-A65D-275097DCE7AE}.Debug|x64.ActiveCfg = Debug|Any CPU
		{84D18283-3EC5-41EF-A65D-275097DCE7AE}.Debug|x64.Build.0 = Debug|Any CPU
		{84D18283-3EC5-41EF-A65D-275097DCE7AE}.Debug|x86.ActiveCfg = Debug|Any CPU
		{84D18283-3EC5-41EF-A65D-275097DCE7AE}.Debug|x86.Build.0 = Debug|Any CPU
		{84D18283-3EC5-41EF-A65D-275097DCE7AE}.Release|Any CPU.ActiveCfg = Release|Any CPU
		{84D18283-3EC5-41EF-A65D-275097DCE7AE}.Release|Any CPU.Build.0 = Release|Any CPU
		{84D18283-3EC5-41EF-A65D-275097DCE7AE}.Release|x64.ActiveCfg = Release|Any CPU
		{84D18283-3EC5-41EF-A65D-275097DCE7AE}.Release|x64.Build.0 = Release|Any CPU
		{84D18283-3EC5-41EF-A65D-275097DCE7AE}.Release|x86.ActiveCfg = Release|Any CPU
		{84D18283-3EC5-41EF-A65D-275097DCE7AE}.Release|x86.Build.0 = Release|Any CPU
		{EA83B127-91D9-4EA4-A046-576B0E9B5256}.Debug|Any CPU.ActiveCfg = Debug|Any CPU
		{EA83B127-91D9-4EA4-A046-576B0E9B5256}.Debug|Any CPU.Build.0 = Debug|Any CPU
		{EA83B127-91D9-4EA4-A046-576B0E9B5256}.Debug|x64.ActiveCfg = Debug|Any CPU
		{EA83B127-91D9-4EA4-A046-576B0E9B5256}.Debug|x64.Build.0 = Debug|Any CPU
		{EA83B127-91D9-4EA4-A046-576B0E9B5256}.Debug|x86.ActiveCfg = Debug|Any CPU
		{EA83B127-91D9-4EA4-A046-576B0E9B5256}.Debug|x86.Build.0 = Debug|Any CPU
		{EA83B127-91D9-4EA4-A046-576B0E9B5256}.Release|Any CPU.ActiveCfg = Release|Any CPU
		{EA83B127-91D9-4EA4-A046-576B0E9B5256}.Release|Any CPU.Build.0 = Release|Any CPU
		{EA83B127-91D9-4EA4-A046-576B0E9B5256}.Release|x64.ActiveCfg = Release|Any CPU
		{EA83B127-91D9-4EA4-A046-576B0E9B5256}.Release|x64.Build.0 = Release|Any CPU
		{EA83B127-91D9-4EA4-A046-576B0E9B5256}.Release|x86.ActiveCfg = Release|Any CPU
		{EA83B127-91D9-4EA4-A046-576B0E9B5256}.Release|x86.Build.0 = Release|Any CPU
		{E5E3C494-4E54-4ACB-91A8-AE1B9BDC60DD}.Debug|Any CPU.ActiveCfg = Debug|Any CPU
		{E5E3C494-4E54-4ACB-91A8-AE1B9BDC60DD}.Debug|Any CPU.Build.0 = Debug|Any CPU
		{E5E3C494-4E54-4ACB-91A8-AE1B9BDC60DD}.Debug|x64.ActiveCfg = Debug|Any CPU
		{E5E3C494-4E54-4ACB-91A8-AE1B9BDC60DD}.Debug|x64.Build.0 = Debug|Any CPU
		{E5E3C494-4E54-4ACB-91A8-AE1B9BDC60DD}.Debug|x86.ActiveCfg = Debug|Any CPU
		{E5E3C494-4E54-4ACB-91A8-AE1B9BDC60DD}.Debug|x86.Build.0 = Debug|Any CPU
		{E5E3C494-4E54-4ACB-91A8-AE1B9BDC60DD}.Release|Any CPU.ActiveCfg = Release|Any CPU
		{E5E3C494-4E54-4ACB-91A8-AE1B9BDC60DD}.Release|Any CPU.Build.0 = Release|Any CPU
		{E5E3C494-4E54-4ACB-91A8-AE1B9BDC60DD}.Release|x64.ActiveCfg = Release|Any CPU
		{E5E3C494-4E54-4ACB-91A8-AE1B9BDC60DD}.Release|x64.Build.0 = Release|Any CPU
		{E5E3C494-4E54-4ACB-91A8-AE1B9BDC60DD}.Release|x86.ActiveCfg = Release|Any CPU
		{E5E3C494-4E54-4ACB-91A8-AE1B9BDC60DD}.Release|x86.Build.0 = Release|Any CPU
		{21CF32D1-BA05-4312-A819-2A4C4860C43F}.Debug|Any CPU.ActiveCfg = Debug|Any CPU
		{21CF32D1-BA05-4312-A819-2A4C4860C43F}.Debug|Any CPU.Build.0 = Debug|Any CPU
		{21CF32D1-BA05-4312-A819-2A4C4860C43F}.Debug|x64.ActiveCfg = Debug|Any CPU
		{21CF32D1-BA05-4312-A819-2A4C4860C43F}.Debug|x64.Build.0 = Debug|Any CPU
		{21CF32D1-BA05-4312-A819-2A4C4860C43F}.Debug|x86.ActiveCfg = Debug|Any CPU
		{21CF32D1-BA05-4312-A819-2A4C4860C43F}.Debug|x86.Build.0 = Debug|Any CPU
		{21CF32D1-BA05-4312-A819-2A4C4860C43F}.Release|Any CPU.ActiveCfg = Release|Any CPU
		{21CF32D1-BA05-4312-A819-2A4C4860C43F}.Release|Any CPU.Build.0 = Release|Any CPU
		{21CF32D1-BA05-4312-A819-2A4C4860C43F}.Release|x64.ActiveCfg = Release|Any CPU
		{21CF32D1-BA05-4312-A819-2A4C4860C43F}.Release|x64.Build.0 = Release|Any CPU
		{21CF32D1-BA05-4312-A819-2A4C4860C43F}.Release|x86.ActiveCfg = Release|Any CPU
		{21CF32D1-BA05-4312-A819-2A4C4860C43F}.Release|x86.Build.0 = Release|Any CPU
		{BE61EF05-BEEB-4313-88CF-74780C380627}.Debug|Any CPU.ActiveCfg = Debug|Any CPU
		{BE61EF05-BEEB-4313-88CF-74780C380627}.Debug|Any CPU.Build.0 = Debug|Any CPU
		{BE61EF05-BEEB-4313-88CF-74780C380627}.Debug|x64.ActiveCfg = Debug|Any CPU
		{BE61EF05-BEEB-4313-88CF-74780C380627}.Debug|x64.Build.0 = Debug|Any CPU
		{BE61EF05-BEEB-4313-88CF-74780C380627}.Debug|x86.ActiveCfg = Debug|Any CPU
		{BE61EF05-BEEB-4313-88CF-74780C380627}.Debug|x86.Build.0 = Debug|Any CPU
		{BE61EF05-BEEB-4313-88CF-74780C380627}.Release|Any CPU.ActiveCfg = Release|Any CPU
		{BE61EF05-BEEB-4313-88CF-74780C380627}.Release|Any CPU.Build.0 = Release|Any CPU
		{BE61EF05-BEEB-4313-88CF-74780C380627}.Release|x64.ActiveCfg = Release|Any CPU
		{BE61EF05-BEEB-4313-88CF-74780C380627}.Release|x64.Build.0 = Release|Any CPU
		{BE61EF05-BEEB-4313-88CF-74780C380627}.Release|x86.ActiveCfg = Release|Any CPU
		{BE61EF05-BEEB-4313-88CF-74780C380627}.Release|x86.Build.0 = Release|Any CPU
		{58536043-E53F-49D4-98D9-DAFCCA94C413}.Debug|Any CPU.ActiveCfg = Debug|Any CPU
		{58536043-E53F-49D4-98D9-DAFCCA94C413}.Debug|Any CPU.Build.0 = Debug|Any CPU
		{58536043-E53F-49D4-98D9-DAFCCA94C413}.Debug|x64.ActiveCfg = Debug|Any CPU
		{58536043-E53F-49D4-98D9-DAFCCA94C413}.Debug|x64.Build.0 = Debug|Any CPU
		{58536043-E53F-49D4-98D9-DAFCCA94C413}.Debug|x86.ActiveCfg = Debug|Any CPU
		{58536043-E53F-49D4-98D9-DAFCCA94C413}.Debug|x86.Build.0 = Debug|Any CPU
		{58536043-E53F-49D4-98D9-DAFCCA94C413}.Release|Any CPU.ActiveCfg = Release|Any CPU
		{58536043-E53F-49D4-98D9-DAFCCA94C413}.Release|Any CPU.Build.0 = Release|Any CPU
		{58536043-E53F-49D4-98D9-DAFCCA94C413}.Release|x64.ActiveCfg = Release|Any CPU
		{58536043-E53F-49D4-98D9-DAFCCA94C413}.Release|x64.Build.0 = Release|Any CPU
		{58536043-E53F-49D4-98D9-DAFCCA94C413}.Release|x86.ActiveCfg = Release|Any CPU
		{58536043-E53F-49D4-98D9-DAFCCA94C413}.Release|x86.Build.0 = Release|Any CPU
		{2A838805-D75D-4543-BF76-738A1E17EB34}.Debug|Any CPU.ActiveCfg = Debug|Any CPU
		{2A838805-D75D-4543-BF76-738A1E17EB34}.Debug|Any CPU.Build.0 = Debug|Any CPU
		{2A838805-D75D-4543-BF76-738A1E17EB34}.Debug|x64.ActiveCfg = Debug|Any CPU
		{2A838805-D75D-4543-BF76-738A1E17EB34}.Debug|x64.Build.0 = Debug|Any CPU
		{2A838805-D75D-4543-BF76-738A1E17EB34}.Debug|x86.ActiveCfg = Debug|Any CPU
		{2A838805-D75D-4543-BF76-738A1E17EB34}.Debug|x86.Build.0 = Debug|Any CPU
		{2A838805-D75D-4543-BF76-738A1E17EB34}.Release|Any CPU.ActiveCfg = Release|Any CPU
		{2A838805-D75D-4543-BF76-738A1E17EB34}.Release|Any CPU.Build.0 = Release|Any CPU
		{2A838805-D75D-4543-BF76-738A1E17EB34}.Release|x64.ActiveCfg = Release|Any CPU
		{2A838805-D75D-4543-BF76-738A1E17EB34}.Release|x64.Build.0 = Release|Any CPU
		{2A838805-D75D-4543-BF76-738A1E17EB34}.Release|x86.ActiveCfg = Release|Any CPU
		{2A838805-D75D-4543-BF76-738A1E17EB34}.Release|x86.Build.0 = Release|Any CPU
		{56904B84-6545-48C4-B415-F6D032DE22F3}.Debug|Any CPU.ActiveCfg = Debug|Any CPU
		{56904B84-6545-48C4-B415-F6D032DE22F3}.Debug|Any CPU.Build.0 = Debug|Any CPU
		{56904B84-6545-48C4-B415-F6D032DE22F3}.Debug|x64.ActiveCfg = Debug|Any CPU
		{56904B84-6545-48C4-B415-F6D032DE22F3}.Debug|x64.Build.0 = Debug|Any CPU
		{56904B84-6545-48C4-B415-F6D032DE22F3}.Debug|x86.ActiveCfg = Debug|Any CPU
		{56904B84-6545-48C4-B415-F6D032DE22F3}.Debug|x86.Build.0 = Debug|Any CPU
		{56904B84-6545-48C4-B415-F6D032DE22F3}.Release|Any CPU.ActiveCfg = Release|Any CPU
		{56904B84-6545-48C4-B415-F6D032DE22F3}.Release|Any CPU.Build.0 = Release|Any CPU
		{56904B84-6545-48C4-B415-F6D032DE22F3}.Release|x64.ActiveCfg = Release|Any CPU
		{56904B84-6545-48C4-B415-F6D032DE22F3}.Release|x64.Build.0 = Release|Any CPU
		{56904B84-6545-48C4-B415-F6D032DE22F3}.Release|x86.ActiveCfg = Release|Any CPU
		{56904B84-6545-48C4-B415-F6D032DE22F3}.Release|x86.Build.0 = Release|Any CPU
		{5EB46478-9849-45BC-B7B7-989282714F4A}.Debug|Any CPU.ActiveCfg = Debug|Any CPU
		{5EB46478-9849-45BC-B7B7-989282714F4A}.Debug|Any CPU.Build.0 = Debug|Any CPU
		{5EB46478-9849-45BC-B7B7-989282714F4A}.Debug|x64.ActiveCfg = Debug|Any CPU
		{5EB46478-9849-45BC-B7B7-989282714F4A}.Debug|x64.Build.0 = Debug|Any CPU
		{5EB46478-9849-45BC-B7B7-989282714F4A}.Debug|x86.ActiveCfg = Debug|Any CPU
		{5EB46478-9849-45BC-B7B7-989282714F4A}.Debug|x86.Build.0 = Debug|Any CPU
		{5EB46478-9849-45BC-B7B7-989282714F4A}.Release|Any CPU.ActiveCfg = Release|Any CPU
		{5EB46478-9849-45BC-B7B7-989282714F4A}.Release|Any CPU.Build.0 = Release|Any CPU
		{5EB46478-9849-45BC-B7B7-989282714F4A}.Release|x64.ActiveCfg = Release|Any CPU
		{5EB46478-9849-45BC-B7B7-989282714F4A}.Release|x64.Build.0 = Release|Any CPU
		{5EB46478-9849-45BC-B7B7-989282714F4A}.Release|x86.ActiveCfg = Release|Any CPU
		{5EB46478-9849-45BC-B7B7-989282714F4A}.Release|x86.Build.0 = Release|Any CPU
		{C946294E-3721-463D-96F9-0E085282DB48}.Debug|Any CPU.ActiveCfg = Debug|Any CPU
		{C946294E-3721-463D-96F9-0E085282DB48}.Debug|Any CPU.Build.0 = Debug|Any CPU
		{C946294E-3721-463D-96F9-0E085282DB48}.Debug|x64.ActiveCfg = Debug|Any CPU
		{C946294E-3721-463D-96F9-0E085282DB48}.Debug|x64.Build.0 = Debug|Any CPU
		{C946294E-3721-463D-96F9-0E085282DB48}.Debug|x86.ActiveCfg = Debug|Any CPU
		{C946294E-3721-463D-96F9-0E085282DB48}.Debug|x86.Build.0 = Debug|Any CPU
		{C946294E-3721-463D-96F9-0E085282DB48}.Release|Any CPU.ActiveCfg = Release|Any CPU
		{C946294E-3721-463D-96F9-0E085282DB48}.Release|Any CPU.Build.0 = Release|Any CPU
		{C946294E-3721-463D-96F9-0E085282DB48}.Release|x64.ActiveCfg = Release|Any CPU
		{C946294E-3721-463D-96F9-0E085282DB48}.Release|x64.Build.0 = Release|Any CPU
		{C946294E-3721-463D-96F9-0E085282DB48}.Release|x86.ActiveCfg = Release|Any CPU
		{C946294E-3721-463D-96F9-0E085282DB48}.Release|x86.Build.0 = Release|Any CPU
	EndGlobalSection
	GlobalSection(SolutionProperties) = preSolution
		HideSolutionNode = FALSE
	EndGlobalSection
	GlobalSection(NestedProjects) = preSolution
		{1A1B2C3D-0001-4001-8001-000000000001} = {1A1B2C3D-1000-4001-8001-000000001000}
		{1A1B2C3D-0002-4001-8001-000000000002} = {1A1B2C3D-1000-4001-8001-000000001000}
		{1A1B2C3D-0003-4001-8001-000000000003} = {1A1B2C3D-1000-4001-8001-000000001000}
		{1A1B2C3D-0004-4001-8001-000000000004} = {1A1B2C3D-2000-4001-8001-000000002000}
		{1A1B2C3D-0005-4001-8001-000000000005} = {1A1B2C3D-2000-4001-8001-000000002000}
		{70C05925-A24C-4271-AB0C-22B606FC78D6} = {1A1B2C3D-1000-4001-8001-000000001000}
		{11C95730-3E26-43FB-BA54-838C388A4138} = {1A1B2C3D-2000-4001-8001-000000002000}
		{577690D3-26A9-410F-8F27-986D250ED7D2} = {1A1B2C3D-1000-4001-8001-000000001000}
		{84D18283-3EC5-41EF-A65D-275097DCE7AE} = {1A1B2C3D-2000-4001-8001-000000002000}
		{EA83B127-91D9-4EA4-A046-576B0E9B5256} = {1A1B2C3D-1000-4001-8001-000000001000}
		{E5E3C494-4E54-4ACB-91A8-AE1B9BDC60DD} = {1A1B2C3D-2000-4001-8001-000000002000}
		{21CF32D1-BA05-4312-A819-2A4C4860C43F} = {1A1B2C3D-1000-4001-8001-000000001000}
		{BE61EF05-BEEB-4313-88CF-74780C380627} = {1A1B2C3D-2000-4001-8001-000000002000}
		{58536043-E53F-49D4-98D9-DAFCCA94C413} = {1A1B2C3D-2000-4001-8001-000000002000}
		{2A838805-D75D-4543-BF76-738A1E17EB34} = {1A1B2C3D-1000-4001-8001-000000001000}
		{56904B84-6545-48C4-B415-F6D032DE22F3} = {1A1B2C3D-2000-4001-8001-000000002000}
		{5EB46478-9849-45BC-B7B7-989282714F4A} = {1A1B2C3D-1000-4001-8001-000000001000}
		{C946294E-3721-463D-96F9-0E085282DB48} = {1A1B2C3D-2000-4001-8001-000000002000}
	EndGlobalSection
	GlobalSection(ExtensibilityGlobals) = postSolution
		SolutionGuid = {1A1B2C3D-9999-4001-8001-000000009999}
	EndGlobalSection
EndGlobal
